
Microsoft Visual Studio Solution File, Format Version 12.00
# Visual Studio Version 17
VisualStudioVersion = 17.1.32210.238
MinimumVisualStudioVersion = 10.0.40219.1
Project("{8BC9CEB8-8B4A-11D0-8D11-00A0C91BC942}") = "Homework06", "Homework06\Homework06.vcxproj", "{3C366EA7-E3FE-4217-8418-F61AF8C28601}"
EndProject
Global
	GlobalSection(SolutionConfigurationPlatforms) = preSolution
		Debug|x64 = Debug|x64
		Debug|x86 = Debug|x86
		Release|x64 = Release|x64
		Release|x86 = Release|x86
	EndGlobalSection
	GlobalSection(ProjectConfigurationPlatforms) = postSolution
		{3C366EA7-E3FE-4217-8418-F61AF8C28601}.Debug|x64.ActiveCfg = Debug|x64
		{3C366EA7-E3FE-4217-8418-F61AF8C28601}.Debug|x64.Build.0 = Debug|x64
		{3C366EA7-E3FE-4217-8418-F61AF8C28601}.Debug|x86.ActiveCfg = Debug|Win32
		{3C366EA7-E3FE-4217-8418-F61AF8C28601}.Debug|x86.Build.0 = Debug|Win32
		{3C366EA7-E3FE-4217-8418-F61AF8C28601}.Release|x64.ActiveCfg = Release|x64
		{3C366EA7-E3FE-4217-8418-F61AF8C28601}.Release|x64.Build.0 = Release|x64
		{3C366EA7-E3FE-4217-8418-F61AF8C28601}.Release|x86.ActiveCfg = Release|Win32
		{3C366EA7-E3FE-4217-8418-F61AF8C28601}.Release|x86.Build.0 = Release|Win32
	EndGlobalSection
	GlobalSection(SolutionProperties) = preSolution
		HideSolutionNode = FALSE
	EndGlobalSection
	GlobalSection(ExtensibilityGlobals) = postSolution
		SolutionGuid = {B2A00606-4373-4790-A9A8-6C47D6742794}
	EndGlobalSection
EndGlobal
